
Microsoft Visual Studio Solution File, Format Version 12.00
# Visual Studio Version 16
VisualStudioVersion = 16.0.29709.97
MinimumVisualStudioVersion = 10.0.40219.1
Project("{FAE04EC0-301F-11D3-BF4B-00C04F79EFBC}") = "Sandbox", "Sandbox.csproj", "{37656C1C-606A-49CD-A0DE-BEB7E9DFB315}"
EndProject
Global
	GlobalSection(SolutionConfigurationPlatforms) = preSolution
		Debug|Any CPU = Debug|Any CPU
		Release|Any CPU = Release|Any CPU
	EndGlobalSection
	GlobalSection(ProjectConfigurationPlatforms) = postSolution
		{37656C1C-606A-49CD-A0DE-BEB7E9DFB315}.Debug|Any CPU.ActiveCfg = Debug|Any CPU
		{37656C1C-606A-49CD-A0DE-BEB7E9DFB315}.Debug|Any CPU.Build.0 = Debug|Any CPU
		{37656C1C-606A-49CD-A0DE-BEB7E9DFB315}.Release|Any CPU.ActiveCfg = Release|Any CPU
		{37656C1C-606A-49CD-A0DE-BEB7E9DFB315}.Release|Any CPU.Build.0 = Release|Any CPU
	EndGlobalSection
	GlobalSection(SolutionProperties) = preSolution
		HideSolutionNode = FALSE
	EndGlobalSection
	GlobalSection(ExtensibilityGlobals) = postSolution
		SolutionGuid = {1B167856-E304-4954-918D-CF16FA2E02E8}
	EndGlobalSection
EndGlobal
